// !$*UTF8*$!
{
	archiveVersion = 1;
	classes = {
	};
	objectVersion = 51;
	objects = {

/* Begin PBXBuildFile section */
		2808E3E724062C1700947E79 /* ImagePicker.swift in Sources */ = {isa = PBXBuildFile; fileRef = 2808E3E624062C1700947E79 /* ImagePicker.swift */; };
		2808E3E924062C5000947E79 /* EventViewController.swift in Sources */ = {isa = PBXBuildFile; fileRef = 2808E3E824062C5000947E79 /* EventViewController.swift */; };
		281C79782408C507008F4C86 /* CommentsViewController.swift in Sources */ = {isa = PBXBuildFile; fileRef = 281C79772408C507008F4C86 /* CommentsViewController.swift */; };
		281DF83E2407C2EA00CB05F2 /* temptestViewController.swift in Sources */ = {isa = PBXBuildFile; fileRef = 281DF83D2407C2EA00CB05F2 /* temptestViewController.swift */; };
		28254844240A330800ECA61C /* CommentCell.swift in Sources */ = {isa = PBXBuildFile; fileRef = 28254843240A330800ECA61C /* CommentCell.swift */; };
		283C580F240C091F00A7C161 /* LocalAuthentication.framework in Frameworks */ = {isa = PBXBuildFile; fileRef = 283C580E240C091F00A7C161 /* LocalAuthentication.framework */; };
		286184B3240A9D0F00DA1F84 /* ResetPasswordContrller.swift in Sources */ = {isa = PBXBuildFile; fileRef = 286184B2240A9D0F00DA1F84 /* ResetPasswordContrller.swift */; };
		2879436C2404BB880039F907 /* LoginUI.swift in Sources */ = {isa = PBXBuildFile; fileRef = 2879436B2404BB880039F907 /* LoginUI.swift */; };
		2879436E2404DCF00039F907 /* LoginUI2.swift in Sources */ = {isa = PBXBuildFile; fileRef = 2879436D2404DCF00039F907 /* LoginUI2.swift */; };
		288CAC73240B762F0075B0E9 /* EventCreatorProfileController.swift in Sources */ = {isa = PBXBuildFile; fileRef = 288CAC72240B762F0075B0E9 /* EventCreatorProfileController.swift */; };
		289AF8C2240C1160007AD3FC /* UserProfileViewController.swift in Sources */ = {isa = PBXBuildFile; fileRef = 289AF8C1240C1160007AD3FC /* UserProfileViewController.swift */; };
		289D05D82403F8D200DB1C88 /* AppDelegate.swift in Sources */ = {isa = PBXBuildFile; fileRef = 289D05D72403F8D200DB1C88 /* AppDelegate.swift */; };
		289D05DA2403F8D200DB1C88 /* ViewController.swift in Sources */ = {isa = PBXBuildFile; fileRef = 289D05D92403F8D200DB1C88 /* ViewController.swift */; };
		289D05DD2403F8D200DB1C88 /* Main.storyboard in Resources */ = {isa = PBXBuildFile; fileRef = 289D05DB2403F8D200DB1C88 /* Main.storyboard */; };
		289D05E02403F8D200DB1C88 /* NIBM_Event_App.xcdatamodeld in Sources */ = {isa = PBXBuildFile; fileRef = 289D05DE2403F8D200DB1C88 /* NIBM_Event_App.xcdatamodeld */; };
		289D05E22403F8D200DB1C88 /* Assets.xcassets in Resources */ = {isa = PBXBuildFile; fileRef = 289D05E12403F8D200DB1C88 /* Assets.xcassets */; };
		289D05E52403F8D200DB1C88 /* LaunchScreen.storyboard in Resources */ = {isa = PBXBuildFile; fileRef = 289D05E32403F8D200DB1C88 /* LaunchScreen.storyboard */; };
		289D05F02403F8D200DB1C88 /* NIBM_Event_AppTests.swift in Sources */ = {isa = PBXBuildFile; fileRef = 289D05EF2403F8D200DB1C88 /* NIBM_Event_AppTests.swift */; };
		289D05FB2403F8D200DB1C88 /* NIBM_Event_AppUITests.swift in Sources */ = {isa = PBXBuildFile; fileRef = 289D05FA2403F8D200DB1C88 /* NIBM_Event_AppUITests.swift */; };
		289D06092403F8E600DB1C88 /* GoogleService-Info.plist in Resources */ = {isa = PBXBuildFile; fileRef = 289D06082403F8E600DB1C88 /* GoogleService-Info.plist */; };
		289D060C2403FE4600DB1C88 /* LoginViewController.swift in Sources */ = {isa = PBXBuildFile; fileRef = 289D060B2403FE4600DB1C88 /* LoginViewController.swift */; };
		28A6DAB3240AB48100C6DEE3 /* MainTabBarController.swift in Sources */ = {isa = PBXBuildFile; fileRef = 28A6DAB2240AB48100C6DEE3 /* MainTabBarController.swift */; };
		28A6DAB5240AC41600C6DEE3 /* RegisterControllerViewController.swift in Sources */ = {isa = PBXBuildFile; fileRef = 28A6DAB4240AC41600C6DEE3 /* RegisterControllerViewController.swift */; };
		28F2143D2408B8AB001ABD24 /* EventTableTableViewController.swift in Sources */ = {isa = PBXBuildFile; fileRef = 28F2143C2408B8AB001ABD24 /* EventTableTableViewController.swift */; };
		28F2143F2408B8C7001ABD24 /* EventTableViewCell.swift in Sources */ = {isa = PBXBuildFile; fileRef = 28F2143E2408B8C7001ABD24 /* EventTableViewCell.swift */; };
		846E1EB8E42AC66D56931230 /* Pods_NIBM_Event_AppUITests.framework in Frameworks */ = {isa = PBXBuildFile; fileRef = B70DCA9DC1A1E10F7FCF8330 /* Pods_NIBM_Event_AppUITests.framework */; };
		B6168A277500DB387C25F97B /* Pods_NIBM_Event_App.framework in Frameworks */ = {isa = PBXBuildFile; fileRef = 363B09519DBD6D5ED578D172 /* Pods_NIBM_Event_App.framework */; };
		F62D80BEEB393C1BA6519D3E /* Pods_NIBM_Event_AppTests.framework in Frameworks */ = {isa = PBXBuildFile; fileRef = B85B39A5CE18447E2C531AF5 /* Pods_NIBM_Event_AppTests.framework */; };
/* End PBXBuildFile section */

/* Begin PBXContainerItemProxy section */
		289D05EC2403F8D200DB1C88 /* PBXContainerItemProxy */ = {
			isa = PBXContainerItemProxy;
			containerPortal = 289D05CC2403F8D100DB1C88 /* Project object */;
			proxyType = 1;
			remoteGlobalIDString = 289D05D32403F8D200DB1C88;
			remoteInfo = "NIBM-Event-App";
		};
		289D05F72403F8D200DB1C88 /* PBXContainerItemProxy */ = {
			isa = PBXContainerItemProxy;
			containerPortal = 289D05CC2403F8D100DB1C88 /* Project object */;
			proxyType = 1;
			remoteGlobalIDString = 289D05D32403F8D200DB1C88;
			remoteInfo = "NIBM-Event-App";
		};
/* End PBXContainerItemProxy section */

/* Begin PBXFileReference section */
		2808E3E624062C1700947E79 /* ImagePicker.swift */ = {isa = PBXFileReference; lastKnownFileType = sourcecode.swift; path = ImagePicker.swift; sourceTree = "<group>"; };
		2808E3E824062C5000947E79 /* EventViewController.swift */ = {isa = PBXFileReference; lastKnownFileType = sourcecode.swift; path = EventViewController.swift; sourceTree = "<group>"; };
		281C79772408C507008F4C86 /* CommentsViewController.swift */ = {isa = PBXFileReference; lastKnownFileType = sourcecode.swift; path = CommentsViewController.swift; sourceTree = "<group>"; };
		281DF83D2407C2EA00CB05F2 /* temptestViewController.swift */ = {isa = PBXFileReference; lastKnownFileType = sourcecode.swift; path = temptestViewController.swift; sourceTree = "<group>"; };
		28254843240A330800ECA61C /* CommentCell.swift */ = {isa = PBXFileReference; lastKnownFileType = sourcecode.swift; path = CommentCell.swift; sourceTree = "<group>"; };
		283C580E240C091F00A7C161 /* LocalAuthentication.framework */ = {isa = PBXFileReference; lastKnownFileType = wrapper.framework; name = LocalAuthentication.framework; path = System/Library/Frameworks/LocalAuthentication.framework; sourceTree = SDKROOT; };
		286184B2240A9D0F00DA1F84 /* ResetPasswordContrller.swift */ = {isa = PBXFileReference; lastKnownFileType = sourcecode.swift; path = ResetPasswordContrller.swift; sourceTree = "<group>"; };
		2879436B2404BB880039F907 /* LoginUI.swift */ = {isa = PBXFileReference; lastKnownFileType = sourcecode.swift; path = LoginUI.swift; sourceTree = "<group>"; };
		2879436D2404DCF00039F907 /* LoginUI2.swift */ = {isa = PBXFileReference; lastKnownFileType = sourcecode.swift; path = LoginUI2.swift; sourceTree = "<group>"; };
		288CAC72240B762F0075B0E9 /* EventCreatorProfileController.swift */ = {isa = PBXFileReference; lastKnownFileType = sourcecode.swift; path = EventCreatorProfileController.swift; sourceTree = "<group>"; };
		289AF8C1240C1160007AD3FC /* UserProfileViewController.swift */ = {isa = PBXFileReference; lastKnownFileType = sourcecode.swift; path = UserProfileViewController.swift; sourceTree = "<group>"; };
		289D05D42403F8D200DB1C88 /* NIBM-Event-App.app */ = {isa = PBXFileReference; explicitFileType = wrapper.application; includeInIndex = 0; path = "NIBM-Event-App.app"; sourceTree = BUILT_PRODUCTS_DIR; };
		289D05D72403F8D200DB1C88 /* AppDelegate.swift */ = {isa = PBXFileReference; lastKnownFileType = sourcecode.swift; path = AppDelegate.swift; sourceTree = "<group>"; };
		289D05D92403F8D200DB1C88 /* ViewController.swift */ = {isa = PBXFileReference; lastKnownFileType = sourcecode.swift; path = ViewController.swift; sourceTree = "<group>"; };
		289D05DC2403F8D200DB1C88 /* Base */ = {isa = PBXFileReference; lastKnownFileType = file.storyboard; name = Base; path = Base.lproj/Main.storyboard; sourceTree = "<group>"; };
		289D05DF2403F8D200DB1C88 /* NIBM_Event_App.xcdatamodel */ = {isa = PBXFileReference; lastKnownFileType = wrapper.xcdatamodel; path = NIBM_Event_App.xcdatamodel; sourceTree = "<group>"; };
		289D05E12403F8D200DB1C88 /* Assets.xcassets */ = {isa = PBXFileReference; lastKnownFileType = folder.assetcatalog; path = Assets.xcassets; sourceTree = "<group>"; };
		289D05E42403F8D200DB1C88 /* Base */ = {isa = PBXFileReference; lastKnownFileType = file.storyboard; name = Base; path = Base.lproj/LaunchScreen.storyboard; sourceTree = "<group>"; };
		289D05E62403F8D200DB1C88 /* Info.plist */ = {isa = PBXFileReference; lastKnownFileType = text.plist.xml; path = Info.plist; sourceTree = "<group>"; };
		289D05EB2403F8D200DB1C88 /* NIBM-Event-AppTests.xctest */ = {isa = PBXFileReference; explicitFileType = wrapper.cfbundle; includeInIndex = 0; path = "NIBM-Event-AppTests.xctest"; sourceTree = BUILT_PRODUCTS_DIR; };
		289D05EF2403F8D200DB1C88 /* NIBM_Event_AppTests.swift */ = {isa = PBXFileReference; lastKnownFileType = sourcecode.swift; path = NIBM_Event_AppTests.swift; sourceTree = "<group>"; };
		289D05F12403F8D200DB1C88 /* Info.plist */ = {isa = PBXFileReference; lastKnownFileType = text.plist.xml; path = Info.plist; sourceTree = "<group>"; };
		289D05F62403F8D200DB1C88 /* NIBM-Event-AppUITests.xctest */ = {isa = PBXFileReference; explicitFileType = wrapper.cfbundle; includeInIndex = 0; path = "NIBM-Event-AppUITests.xctest"; sourceTree = BUILT_PRODUCTS_DIR; };
		289D05FA2403F8D200DB1C88 /* NIBM_Event_AppUITests.swift */ = {isa = PBXFileReference; lastKnownFileType = sourcecode.swift; path = NIBM_Event_AppUITests.swift; sourceTree = "<group>"; };
		289D05FC2403F8D200DB1C88 /* Info.plist */ = {isa = PBXFileReference; lastKnownFileType = text.plist.xml; path = Info.plist; sourceTree = "<group>"; };
		289D06082403F8E600DB1C88 /* GoogleService-Info.plist */ = {isa = PBXFileReference; fileEncoding = 4; lastKnownFileType = text.plist.xml; path = "GoogleService-Info.plist"; sourceTree = "<group>"; };
		289D060B2403FE4600DB1C88 /* LoginViewController.swift */ = {isa = PBXFileReference; lastKnownFileType = sourcecode.swift; path = LoginViewController.swift; sourceTree = "<group>"; };
		28A6DAB2240AB48100C6DEE3 /* MainTabBarController.swift */ = {isa = PBXFileReference; lastKnownFileType = sourcecode.swift; path = MainTabBarController.swift; sourceTree = "<group>"; };
		28A6DAB4240AC41600C6DEE3 /* RegisterControllerViewController.swift */ = {isa = PBXFileReference; lastKnownFileType = sourcecode.swift; path = RegisterControllerViewController.swift; sourceTree = "<group>"; };
		28F2143C2408B8AB001ABD24 /* EventTableTableViewController.swift */ = {isa = PBXFileReference; lastKnownFileType = sourcecode.swift; path = EventTableTableViewController.swift; sourceTree = "<group>"; };
		28F2143E2408B8C7001ABD24 /* EventTableViewCell.swift */ = {isa = PBXFileReference; lastKnownFileType = sourcecode.swift; path = EventTableViewCell.swift; sourceTree = "<group>"; };
		363B09519DBD6D5ED578D172 /* Pods_NIBM_Event_App.framework */ = {isa = PBXFileReference; explicitFileType = wrapper.framework; includeInIndex = 0; path = Pods_NIBM_Event_App.framework; sourceTree = BUILT_PRODUCTS_DIR; };
		5BB4AD78427A3B6B4DA5BB17 /* Pods-NIBM-Event-AppTests.release.xcconfig */ = {isa = PBXFileReference; includeInIndex = 1; lastKnownFileType = text.xcconfig; name = "Pods-NIBM-Event-AppTests.release.xcconfig"; path = "Target Support Files/Pods-NIBM-Event-AppTests/Pods-NIBM-Event-AppTests.release.xcconfig"; sourceTree = "<group>"; };
		7F272F04F62A91F809B7173D /* Pods-NIBM-Event-App.release.xcconfig */ = {isa = PBXFileReference; includeInIndex = 1; lastKnownFileType = text.xcconfig; name = "Pods-NIBM-Event-App.release.xcconfig"; path = "Target Support Files/Pods-NIBM-Event-App/Pods-NIBM-Event-App.release.xcconfig"; sourceTree = "<group>"; };
		889CC4B5A2D832D5F5C62E82 /* Pods-NIBM-Event-AppTests.debug.xcconfig */ = {isa = PBXFileReference; includeInIndex = 1; lastKnownFileType = text.xcconfig; name = "Pods-NIBM-Event-AppTests.debug.xcconfig"; path = "Target Support Files/Pods-NIBM-Event-AppTests/Pods-NIBM-Event-AppTests.debug.xcconfig"; sourceTree = "<group>"; };
		B70DCA9DC1A1E10F7FCF8330 /* Pods_NIBM_Event_AppUITests.framework */ = {isa = PBXFileReference; explicitFileType = wrapper.framework; includeInIndex = 0; path = Pods_NIBM_Event_AppUITests.framework; sourceTree = BUILT_PRODUCTS_DIR; };
		B85B39A5CE18447E2C531AF5 /* Pods_NIBM_Event_AppTests.framework */ = {isa = PBXFileReference; explicitFileType = wrapper.framework; includeInIndex = 0; path = Pods_NIBM_Event_AppTests.framework; sourceTree = BUILT_PRODUCTS_DIR; };
		C0ACD57564F4AC6EE77C9CBC /* Pods-NIBM-Event-AppUITests.debug.xcconfig */ = {isa = PBXFileReference; includeInIndex = 1; lastKnownFileType = text.xcconfig; name = "Pods-NIBM-Event-AppUITests.debug.xcconfig"; path = "Target Support Files/Pods-NIBM-Event-AppUITests/Pods-NIBM-Event-AppUITests.debug.xcconfig"; sourceTree = "<group>"; };
		C48999D6C87C624142ADD42E /* Pods-NIBM-Event-AppUITests.release.xcconfig */ = {isa = PBXFileReference; includeInIndex = 1; lastKnownFileType = text.xcconfig; name = "Pods-NIBM-Event-AppUITests.release.xcconfig"; path = "Target Support Files/Pods-NIBM-Event-AppUITests/Pods-NIBM-Event-AppUITests.release.xcconfig"; sourceTree = "<group>"; };
		DA20C747A80468B5780F7428 /* Pods-NIBM-Event-App.debug.xcconfig */ = {isa = PBXFileReference; includeInIndex = 1; lastKnownFileType = text.xcconfig; name = "Pods-NIBM-Event-App.debug.xcconfig"; path = "Target Support Files/Pods-NIBM-Event-App/Pods-NIBM-Event-App.debug.xcconfig"; sourceTree = "<group>"; };
/* End PBXFileReference section */

/* Begin PBXFrameworksBuildPhase section */
		289D05D12403F8D200DB1C88 /* Frameworks */ = {
			isa = PBXFrameworksBuildPhase;
			buildActionMask = 2147483647;
			files = (
				283C580F240C091F00A7C161 /* LocalAuthentication.framework in Frameworks */,
				B6168A277500DB387C25F97B /* Pods_NIBM_Event_App.framework in Frameworks */,
			);
			runOnlyForDeploymentPostprocessing = 0;
		};
		289D05E82403F8D200DB1C88 /* Frameworks */ = {
			isa = PBXFrameworksBuildPhase;
			buildActionMask = 2147483647;
			files = (
				F62D80BEEB393C1BA6519D3E /* Pods_NIBM_Event_AppTests.framework in Frameworks */,
			);
			runOnlyForDeploymentPostprocessing = 0;
		};
		289D05F32403F8D200DB1C88 /* Frameworks */ = {
			isa = PBXFrameworksBuildPhase;
			buildActionMask = 2147483647;
			files = (
				846E1EB8E42AC66D56931230 /* Pods_NIBM_Event_AppUITests.framework in Frameworks */,
			);
			runOnlyForDeploymentPostprocessing = 0;
		};
/* End PBXFrameworksBuildPhase section */

/* Begin PBXGroup section */
		2808E3E524062BDF00947E79 /* Other Services */ = {
			isa = PBXGroup;
			children = (
				2808E3E624062C1700947E79 /* ImagePicker.swift */,
			);
			path = "Other Services";
			sourceTree = "<group>";
		};
		287943682404BAC80039F907 /* View */ = {
			isa = PBXGroup;
			children = (
				289D05DB2403F8D200DB1C88 /* Main.storyboard */,
			);
			path = View;
			sourceTree = "<group>";
		};
		287943692404BB530039F907 /* Services */ = {
			isa = PBXGroup;
			children = (
				2808E3E524062BDF00947E79 /* Other Services */,
				2879436A2404BB5E0039F907 /* FirebaseServices */,
			);
			path = Services;
			sourceTree = "<group>";
		};
		2879436A2404BB5E0039F907 /* FirebaseServices */ = {
			isa = PBXGroup;
			children = (
				2879436B2404BB880039F907 /* LoginUI.swift */,
				2879436D2404DCF00039F907 /* LoginUI2.swift */,
			);
			path = FirebaseServices;
			sourceTree = "<group>";
		};
		289D05CB2403F8D100DB1C88 = {
			isa = PBXGroup;
			children = (
				289D05D62403F8D200DB1C88 /* NIBM-Event-App */,
				289D05EE2403F8D200DB1C88 /* NIBM-Event-AppTests */,
				289D05F92403F8D200DB1C88 /* NIBM-Event-AppUITests */,
				289D05D52403F8D200DB1C88 /* Products */,
				4986D2662265AEFBF11A24EF /* Pods */,
				C0189B4F119A3D89193DC61D /* Frameworks */,
			);
			sourceTree = "<group>";
		};
		289D05D52403F8D200DB1C88 /* Products */ = {
			isa = PBXGroup;
			children = (
				289D05D42403F8D200DB1C88 /* NIBM-Event-App.app */,
				289D05EB2403F8D200DB1C88 /* NIBM-Event-AppTests.xctest */,
				289D05F62403F8D200DB1C88 /* NIBM-Event-AppUITests.xctest */,
			);
			name = Products;
			sourceTree = "<group>";
		};
		289D05D62403F8D200DB1C88 /* NIBM-Event-App */ = {
			isa = PBXGroup;
			children = (
				287943692404BB530039F907 /* Services */,
				287943682404BAC80039F907 /* View */,
				289D060A2403FE2000DB1C88 /* ViewControllers */,
				289D05D72403F8D200DB1C88 /* AppDelegate.swift */,
				289D05D92403F8D200DB1C88 /* ViewController.swift */,
				289D05E12403F8D200DB1C88 /* Assets.xcassets */,
				289D06082403F8E600DB1C88 /* GoogleService-Info.plist */,
				289D05E32403F8D200DB1C88 /* LaunchScreen.storyboard */,
				289D05E62403F8D200DB1C88 /* Info.plist */,
				289D05DE2403F8D200DB1C88 /* NIBM_Event_App.xcdatamodeld */,
			);
			path = "NIBM-Event-App";
			sourceTree = "<group>";
		};
		289D05EE2403F8D200DB1C88 /* NIBM-Event-AppTests */ = {
			isa = PBXGroup;
			children = (
				289D05EF2403F8D200DB1C88 /* NIBM_Event_AppTests.swift */,
				289D05F12403F8D200DB1C88 /* Info.plist */,
			);
			path = "NIBM-Event-AppTests";
			sourceTree = "<group>";
		};
		289D05F92403F8D200DB1C88 /* NIBM-Event-AppUITests */ = {
			isa = PBXGroup;
			children = (
				289D05FA2403F8D200DB1C88 /* NIBM_Event_AppUITests.swift */,
				289D05FC2403F8D200DB1C88 /* Info.plist */,
			);
			path = "NIBM-Event-AppUITests";
			sourceTree = "<group>";
		};
		289D060A2403FE2000DB1C88 /* ViewControllers */ = {
			isa = PBXGroup;
			children = (
				289D060B2403FE4600DB1C88 /* LoginViewController.swift */,
				2808E3E824062C5000947E79 /* EventViewController.swift */,
				281DF83D2407C2EA00CB05F2 /* temptestViewController.swift */,
				28F2143C2408B8AB001ABD24 /* EventTableTableViewController.swift */,
				28F2143E2408B8C7001ABD24 /* EventTableViewCell.swift */,
				281C79772408C507008F4C86 /* CommentsViewController.swift */,
				28254843240A330800ECA61C /* CommentCell.swift */,
				286184B2240A9D0F00DA1F84 /* ResetPasswordContrller.swift */,
				28A6DAB2240AB48100C6DEE3 /* MainTabBarController.swift */,
				28A6DAB4240AC41600C6DEE3 /* RegisterControllerViewController.swift */,
				288CAC72240B762F0075B0E9 /* EventCreatorProfileController.swift */,
				289AF8C1240C1160007AD3FC /* UserProfileViewController.swift */,
			);
			path = ViewControllers;
			sourceTree = "<group>";
		};
		4986D2662265AEFBF11A24EF /* Pods */ = {
			isa = PBXGroup;
			children = (
				DA20C747A80468B5780F7428 /* Pods-NIBM-Event-App.debug.xcconfig */,
				7F272F04F62A91F809B7173D /* Pods-NIBM-Event-App.release.xcconfig */,
				889CC4B5A2D832D5F5C62E82 /* Pods-NIBM-Event-AppTests.debug.xcconfig */,
				5BB4AD78427A3B6B4DA5BB17 /* Pods-NIBM-Event-AppTests.release.xcconfig */,
				C0ACD57564F4AC6EE77C9CBC /* Pods-NIBM-Event-AppUITests.debug.xcconfig */,
				C48999D6C87C624142ADD42E /* Pods-NIBM-Event-AppUITests.release.xcconfig */,
			);
			path = Pods;
			sourceTree = "<group>";
		};
		C0189B4F119A3D89193DC61D /* Frameworks */ = {
			isa = PBXGroup;
			children = (
				283C580E240C091F00A7C161 /* LocalAuthentication.framework */,
				363B09519DBD6D5ED578D172 /* Pods_NIBM_Event_App.framework */,
				B85B39A5CE18447E2C531AF5 /* Pods_NIBM_Event_AppTests.framework */,
				B70DCA9DC1A1E10F7FCF8330 /* Pods_NIBM_Event_AppUITests.framework */,
			);
			name = Frameworks;
			sourceTree = "<group>";
		};
/* End PBXGroup section */

/* Begin PBXNativeTarget section */
		289D05D32403F8D200DB1C88 /* NIBM-Event-App */ = {
			isa = PBXNativeTarget;
			buildConfigurationList = 289D05FF2403F8D200DB1C88 /* Build configuration list for PBXNativeTarget "NIBM-Event-App" */;
			buildPhases = (
				F57C251C9EB95ECC4AB6DF26 /* [CP] Check Pods Manifest.lock */,
				289D05D02403F8D200DB1C88 /* Sources */,
				289D05D12403F8D200DB1C88 /* Frameworks */,
				289D05D22403F8D200DB1C88 /* Resources */,
				0191C664099569DEA6B21866 /* [CP] Embed Pods Frameworks */,
			);
			buildRules = (
			);
			dependencies = (
			);
			name = "NIBM-Event-App";
			productName = "NIBM-Event-App";
			productReference = 289D05D42403F8D200DB1C88 /* NIBM-Event-App.app */;
			productType = "com.apple.product-type.application";
		};
		289D05EA2403F8D200DB1C88 /* NIBM-Event-AppTests */ = {
			isa = PBXNativeTarget;
			buildConfigurationList = 289D06022403F8D200DB1C88 /* Build configuration list for PBXNativeTarget "NIBM-Event-AppTests" */;
			buildPhases = (
				C3790F00E55AA627FAAC6860 /* [CP] Check Pods Manifest.lock */,
				289D05E72403F8D200DB1C88 /* Sources */,
				289D05E82403F8D200DB1C88 /* Frameworks */,
				289D05E92403F8D200DB1C88 /* Resources */,
			);
			buildRules = (
			);
			dependencies = (
				289D05ED2403F8D200DB1C88 /* PBXTargetDependency */,
			);
			name = "NIBM-Event-AppTests";
			productName = "NIBM-Event-AppTests";
			productReference = 289D05EB2403F8D200DB1C88 /* NIBM-Event-AppTests.xctest */;
			productType = "com.apple.product-type.bundle.unit-test";
		};
		289D05F52403F8D200DB1C88 /* NIBM-Event-AppUITests */ = {
			isa = PBXNativeTarget;
			buildConfigurationList = 289D06052403F8D200DB1C88 /* Build configuration list for PBXNativeTarget "NIBM-Event-AppUITests" */;
			buildPhases = (
				E1B9DB75A3F6DB56E0E2DB40 /* [CP] Check Pods Manifest.lock */,
				289D05F22403F8D200DB1C88 /* Sources */,
				289D05F32403F8D200DB1C88 /* Frameworks */,
				289D05F42403F8D200DB1C88 /* Resources */,
			);
			buildRules = (
			);
			dependencies = (
				289D05F82403F8D200DB1C88 /* PBXTargetDependency */,
			);
			name = "NIBM-Event-AppUITests";
			productName = "NIBM-Event-AppUITests";
			productReference = 289D05F62403F8D200DB1C88 /* NIBM-Event-AppUITests.xctest */;
			productType = "com.apple.product-type.bundle.ui-testing";
		};
/* End PBXNativeTarget section */

/* Begin PBXProject section */
		289D05CC2403F8D100DB1C88 /* Project object */ = {
			isa = PBXProject;
			attributes = {
				LastSwiftUpdateCheck = 1030;
				LastUpgradeCheck = 1030;
				ORGANIZATIONNAME = surainfdo;
				TargetAttributes = {
					289D05D32403F8D200DB1C88 = {
						CreatedOnToolsVersion = 10.3;
					};
					289D05EA2403F8D200DB1C88 = {
						CreatedOnToolsVersion = 10.3;
						TestTargetID = 289D05D32403F8D200DB1C88;
					};
					289D05F52403F8D200DB1C88 = {
						CreatedOnToolsVersion = 10.3;
						TestTargetID = 289D05D32403F8D200DB1C88;
					};
				};
			};
			buildConfigurationList = 289D05CF2403F8D100DB1C88 /* Build configuration list for PBXProject "NIBM-Event-App" */;
			compatibilityVersion = "Xcode 9.3";
			developmentRegion = en;
			hasScannedForEncodings = 0;
			knownRegions = (
				en,
				Base,
			);
			mainGroup = 289D05CB2403F8D100DB1C88;
			productRefGroup = 289D05D52403F8D200DB1C88 /* Products */;
			projectDirPath = "";
			projectRoot = "";
			targets = (
				289D05D32403F8D200DB1C88 /* NIBM-Event-App */,
				289D05EA2403F8D200DB1C88 /* NIBM-Event-AppTests */,
				289D05F52403F8D200DB1C88 /* NIBM-Event-AppUITests */,
			);
		};
/* End PBXProject section */

/* Begin PBXResourcesBuildPhase section */
		289D05D22403F8D200DB1C88 /* Resources */ = {
			isa = PBXResourcesBuildPhase;
			buildActionMask = 2147483647;
			files = (
				289D05E52403F8D200DB1C88 /* LaunchScreen.storyboard in Resources */,
				289D06092403F8E600DB1C88 /* GoogleService-Info.plist in Resources */,
				289D05E22403F8D200DB1C88 /* Assets.xcassets in Resources */,
				289D05DD2403F8D200DB1C88 /* Main.storyboard in Resources */,
			);
			runOnlyForDeploymentPostprocessing = 0;
		};
		289D05E92403F8D200DB1C88 /* Resources */ = {
			isa = PBXResourcesBuildPhase;
			buildActionMask = 2147483647;
			files = (
			);
			runOnlyForDeploymentPostprocessing = 0;
		};
		289D05F42403F8D200DB1C88 /* Resources */ = {
			isa = PBXResourcesBuildPhase;
			buildActionMask = 2147483647;
			files = (
			);
			runOnlyForDeploymentPostprocessing = 0;
		};
/* End PBXResourcesBuildPhase section */

/* Begin PBXShellScriptBuildPhase section */
		0191C664099569DEA6B21866 /* [CP] Embed Pods Frameworks */ = {
			isa = PBXShellScriptBuildPhase;
			buildActionMask = 2147483647;
			files = (
			);
			inputFileListPaths = (
				"${PODS_ROOT}/Target Support Files/Pods-NIBM-Event-App/Pods-NIBM-Event-App-frameworks-${CONFIGURATION}-input-files.xcfilelist",
			);
			name = "[CP] Embed Pods Frameworks";
			outputFileListPaths = (
				"${PODS_ROOT}/Target Support Files/Pods-NIBM-Event-App/Pods-NIBM-Event-App-frameworks-${CONFIGURATION}-output-files.xcfilelist",
			);
			runOnlyForDeploymentPostprocessing = 0;
			shellPath = /bin/sh;
			shellScript = "\"${PODS_ROOT}/Target Support Files/Pods-NIBM-Event-App/Pods-NIBM-Event-App-frameworks.sh\"\n";
			showEnvVarsInLog = 0;
		};
		C3790F00E55AA627FAAC6860 /* [CP] Check Pods Manifest.lock */ = {
			isa = PBXShellScriptBuildPhase;
			buildActionMask = 2147483647;
			files = (
			);
			inputFileListPaths = (
			);
			inputPaths = (
				"${PODS_PODFILE_DIR_PATH}/Podfile.lock",
				"${PODS_ROOT}/Manifest.lock",
			);
			name = "[CP] Check Pods Manifest.lock";
			outputFileListPaths = (
			);
			outputPaths = (
				"$(DERIVED_FILE_DIR)/Pods-NIBM-Event-AppTests-checkManifestLockResult.txt",
			);
			runOnlyForDeploymentPostprocessing = 0;
			shellPath = /bin/sh;
			shellScript = "diff \"${PODS_PODFILE_DIR_PATH}/Podfile.lock\" \"${PODS_ROOT}/Manifest.lock\" > /dev/null\nif [ $? != 0 ] ; then\n    # print error to STDERR\n    echo \"error: The sandbox is not in sync with the Podfile.lock. Run 'pod install' or update your CocoaPods installation.\" >&2\n    exit 1\nfi\n# This output is used by Xcode 'outputs' to avoid re-running this script phase.\necho \"SUCCESS\" > \"${SCRIPT_OUTPUT_FILE_0}\"\n";
			showEnvVarsInLog = 0;
		};
		E1B9DB75A3F6DB56E0E2DB40 /* [CP] Check Pods Manifest.lock */ = {
			isa = PBXShellScriptBuildPhase;
			buildActionMask = 2147483647;
			files = (
			);
			inputFileListPaths = (
			);
			inputPaths = (
				"${PODS_PODFILE_DIR_PATH}/Podfile.lock",
				"${PODS_ROOT}/Manifest.lock",
			);
			name = "[CP] Check Pods Manifest.lock";
			outputFileListPaths = (
			);
			outputPaths = (
				"$(DERIVED_FILE_DIR)/Pods-NIBM-Event-AppUITests-checkManifestLockResult.txt",
			);
			runOnlyForDeploymentPostprocessing = 0;
			shellPath = /bin/sh;
			shellScript = "diff \"${PODS_PODFILE_DIR_PATH}/Podfile.lock\" \"${PODS_ROOT}/Manifest.lock\" > /dev/null\nif [ $? != 0 ] ; then\n    # print error to STDERR\n    echo \"error: The sandbox is not in sync with the Podfile.lock. Run 'pod install' or update your CocoaPods installation.\" >&2\n    exit 1\nfi\n# This output is used by Xcode 'outputs' to avoid re-running this script phase.\necho \"SUCCESS\" > \"${SCRIPT_OUTPUT_FILE_0}\"\n";
			showEnvVarsInLog = 0;
		};
		F57C251C9EB95ECC4AB6DF26 /* [CP] Check Pods Manifest.lock */ = {
			isa = PBXShellScriptBuildPhase;
			buildActionMask = 2147483647;
			files = (
			);
			inputFileListPaths = (
			);
			inputPaths = (
				"${PODS_PODFILE_DIR_PATH}/Podfile.lock",
				"${PODS_ROOT}/Manifest.lock",
			);
			name = "[CP] Check Pods Manifest.lock";
			outputFileListPaths = (
			);
			outputPaths = (
				"$(DERIVED_FILE_DIR)/Pods-NIBM-Event-App-checkManifestLockResult.txt",
			);
			runOnlyForDeploymentPostprocessing = 0;
			shellPath = /bin/sh;
			shellScript = "diff \"${PODS_PODFILE_DIR_PATH}/Podfile.lock\" \"${PODS_ROOT}/Manifest.lock\" > /dev/null\nif [ $? != 0 ] ; then\n    # print error to STDERR\n    echo \"error: The sandbox is not in sync with the Podfile.lock. Run 'pod install' or update your CocoaPods installation.\" >&2\n    exit 1\nfi\n# This output is used by Xcode 'outputs' to avoid re-running this script phase.\necho \"SUCCESS\" > \"${SCRIPT_OUTPUT_FILE_0}\"\n";
			showEnvVarsInLog = 0;
		};
/* End PBXShellScriptBuildPhase section */

/* Begin PBXSourcesBuildPhase section */
		289D05D02403F8D200DB1C88 /* Sources */ = {
			isa = PBXSourcesBuildPhase;
			buildActionMask = 2147483647;
			files = (
				28254844240A330800ECA61C /* CommentCell.swift in Sources */,
				2879436E2404DCF00039F907 /* LoginUI2.swift in Sources */,
				28A6DAB3240AB48100C6DEE3 /* MainTabBarController.swift in Sources */,
				28F2143F2408B8C7001ABD24 /* EventTableViewCell.swift in Sources */,
				288CAC73240B762F0075B0E9 /* EventCreatorProfileController.swift in Sources */,
				2879436C2404BB880039F907 /* LoginUI.swift in Sources */,
				289D060C2403FE4600DB1C88 /* LoginViewController.swift in Sources */,
				289AF8C2240C1160007AD3FC /* UserProfileViewController.swift in Sources */,
				2808E3E724062C1700947E79 /* ImagePicker.swift in Sources */,
				289D05DA2403F8D200DB1C88 /* ViewController.swift in Sources */,
				28F2143D2408B8AB001ABD24 /* EventTableTableViewController.swift in Sources */,
				28A6DAB5240AC41600C6DEE3 /* RegisterControllerViewController.swift in Sources */,
				281DF83E2407C2EA00CB05F2 /* temptestViewController.swift in Sources */,
				281C79782408C507008F4C86 /* CommentsViewController.swift in Sources */,
				286184B3240A9D0F00DA1F84 /* ResetPasswordContrller.swift in Sources */,
				2808E3E924062C5000947E79 /* EventViewController.swift in Sources */,
				289D05D82403F8D200DB1C88 /* AppDelegate.swift in Sources */,
				289D05E02403F8D200DB1C88 /* NIBM_Event_App.xcdatamodeld in Sources */,
			);
			runOnlyForDeploymentPostprocessing = 0;
		};
		289D05E72403F8D200DB1C88 /* Sources */ = {
			isa = PBXSourcesBuildPhase;
			buildActionMask = 2147483647;
			files = (
				289D05F02403F8D200DB1C88 /* NIBM_Event_AppTests.swift in Sources */,
			);
			runOnlyForDeploymentPostprocessing = 0;
		};
		289D05F22403F8D200DB1C88 /* Sources */ = {
			isa = PBXSourcesBuildPhase;
			buildActionMask = 2147483647;
			files = (
				289D05FB2403F8D200DB1C88 /* NIBM_Event_AppUITests.swift in Sources */,
			);
			runOnlyForDeploymentPostprocessing = 0;
		};
/* End PBXSourcesBuildPhase section */

/* Begin PBXTargetDependency section */
		289D05ED2403F8D200DB1C88 /* PBXTargetDependency */ = {
			isa = PBXTargetDependency;
			target = 289D05D32403F8D200DB1C88 /* NIBM-Event-App */;
			targetProxy = 289D05EC2403F8D200DB1C88 /* PBXContainerItemProxy */;
		};
		289D05F82403F8D200DB1C88 /* PBXTargetDependency */ = {
			isa = PBXTargetDependency;
			target = 289D05D32403F8D200DB1C88 /* NIBM-Event-App */;
			targetProxy = 289D05F72403F8D200DB1C88 /* PBXContainerItemProxy */;
		};
/* End PBXTargetDependency section */

/* Begin PBXVariantGroup section */
		289D05DB2403F8D200DB1C88 /* Main.storyboard */ = {
			isa = PBXVariantGroup;
			children = (
				289D05DC2403F8D200DB1C88 /* Base */,
			);
			name = Main.storyboard;
			sourceTree = "<group>";
		};
		289D05E32403F8D200DB1C88 /* LaunchScreen.storyboard */ = {
			isa = PBXVariantGroup;
			children = (
				289D05E42403F8D200DB1C88 /* Base */,
			);
			name = LaunchScreen.storyboard;
			sourceTree = "<group>";
		};
/* End PBXVariantGroup section */

/* Begin XCBuildConfiguration section */
		289D05FD2403F8D200DB1C88 /* Debug */ = {
			isa = XCBuildConfiguration;
			buildSettings = {
				ALWAYS_SEARCH_USER_PATHS = NO;
				CLANG_ANALYZER_NONNULL = YES;
				CLANG_ANALYZER_NUMBER_OBJECT_CONVERSION = YES_AGGRESSIVE;
				CLANG_CXX_LANGUAGE_STANDARD = "gnu++14";
				CLANG_CXX_LIBRARY = "libc++";
				CLANG_ENABLE_MODULES = YES;
				CLANG_ENABLE_OBJC_ARC = YES;
				CLANG_ENABLE_OBJC_WEAK = YES;
				CLANG_WARN_BLOCK_CAPTURE_AUTORELEASING = YES;
				CLANG_WARN_BOOL_CONVERSION = YES;
				CLANG_WARN_COMMA = YES;
				CLANG_WARN_CONSTANT_CONVERSION = YES;
				CLANG_WARN_DEPRECATED_OBJC_IMPLEMENTATIONS = YES;
				CLANG_WARN_DIRECT_OBJC_ISA_USAGE = YES_ERROR;
				CLANG_WARN_DOCUMENTATION_COMMENTS = YES;
				CLANG_WARN_EMPTY_BODY = YES;
				CLANG_WARN_ENUM_CONVERSION = YES;
				CLANG_WARN_INFINITE_RECURSION = YES;
				CLANG_WARN_INT_CONVERSION = YES;
				CLANG_WARN_NON_LITERAL_NULL_CONVERSION = YES;
				CLANG_WARN_OBJC_IMPLICIT_RETAIN_SELF = YES;
				CLANG_WARN_OBJC_LITERAL_CONVERSION = YES;
				CLANG_WARN_OBJC_ROOT_CLASS = YES_ERROR;
				CLANG_WARN_RANGE_LOOP_ANALYSIS = YES;
				CLANG_WARN_STRICT_PROTOTYPES = YES;
				CLANG_WARN_SUSPICIOUS_MOVE = YES;
				CLANG_WARN_UNGUARDED_AVAILABILITY = YES_AGGRESSIVE;
				CLANG_WARN_UNREACHABLE_CODE = YES;
				CLANG_WARN__DUPLICATE_METHOD_MATCH = YES;
				CODE_SIGN_IDENTITY = "iPhone Developer";
				COPY_PHASE_STRIP = NO;
				DEBUG_INFORMATION_FORMAT = dwarf;
				ENABLE_STRICT_OBJC_MSGSEND = YES;
				ENABLE_TESTABILITY = YES;
				GCC_C_LANGUAGE_STANDARD = gnu11;
				GCC_DYNAMIC_NO_PIC = NO;
				GCC_NO_COMMON_BLOCKS = YES;
				GCC_OPTIMIZATION_LEVEL = 0;
				GCC_PREPROCESSOR_DEFINITIONS = (
					"DEBUG=1",
					"$(inherited)",
				);
				GCC_WARN_64_TO_32_BIT_CONVERSION = YES;
				GCC_WARN_ABOUT_RETURN_TYPE = YES_ERROR;
				GCC_WARN_UNDECLARED_SELECTOR = YES;
				GCC_WARN_UNINITIALIZED_AUTOS = YES_AGGRESSIVE;
				GCC_WARN_UNUSED_FUNCTION = YES;
				GCC_WARN_UNUSED_VARIABLE = YES;
				IPHONEOS_DEPLOYMENT_TARGET = 12.4;
				MTL_ENABLE_DEBUG_INFO = INCLUDE_SOURCE;
				MTL_FAST_MATH = YES;
				ONLY_ACTIVE_ARCH = YES;
				SDKROOT = iphoneos;
				SWIFT_ACTIVE_COMPILATION_CONDITIONS = DEBUG;
				SWIFT_OPTIMIZATION_LEVEL = "-Onone";
			};
			name = Debug;
		};
		289D05FE2403F8D200DB1C88 /* Release */ = {
			isa = XCBuildConfiguration;
			buildSettings = {
				ALWAYS_SEARCH_USER_PATHS = NO;
				CLANG_ANALYZER_NONNULL = YES;
				CLANG_ANALYZER_NUMBER_OBJECT_CONVERSION = YES_AGGRESSIVE;
				CLANG_CXX_LANGUAGE_STANDARD = "gnu++14";
				CLANG_CXX_LIBRARY = "libc++";
				CLANG_ENABLE_MODULES = YES;
				CLANG_ENABLE_OBJC_ARC = YES;
				CLANG_ENABLE_OBJC_WEAK = YES;
				CLANG_WARN_BLOCK_CAPTURE_AUTORELEASING = YES;
				CLANG_WARN_BOOL_CONVERSION = YES;
				CLANG_WARN_COMMA = YES;
				CLANG_WARN_CONSTANT_CONVERSION = YES;
				CLANG_WARN_DEPRECATED_OBJC_IMPLEMENTATIONS = YES;
				CLANG_WARN_DIRECT_OBJC_ISA_USAGE = YES_ERROR;
				CLANG_WARN_DOCUMENTATION_COMMENTS = YES;
				CLANG_WARN_EMPTY_BODY = YES;
				CLANG_WARN_ENUM_CONVERSION = YES;
				CLANG_WARN_INFINITE_RECURSION = YES;
				CLANG_WARN_INT_CONVERSION = YES;
				CLANG_WARN_NON_LITERAL_NULL_CONVERSION = YES;
				CLANG_WARN_OBJC_IMPLICIT_RETAIN_SELF = YES;
				CLANG_WARN_OBJC_LITERAL_CONVERSION = YES;
				CLANG_WARN_OBJC_ROOT_CLASS = YES_ERROR;
				CLANG_WARN_RANGE_LOOP_ANALYSIS = YES;
				CLANG_WARN_STRICT_PROTOTYPES = YES;
				CLANG_WARN_SUSPICIOUS_MOVE = YES;
				CLANG_WARN_UNGUARDED_AVAILABILITY = YES_AGGRESSIVE;
				CLANG_WARN_UNREACHABLE_CODE = YES;
				CLANG_WARN__DUPLICATE_METHOD_MATCH = YES;
				CODE_SIGN_IDENTITY = "iPhone Developer";
				COPY_PHASE_STRIP = NO;
				DEBUG_INFORMATION_FORMAT = "dwarf-with-dsym";
				ENABLE_NS_ASSERTIONS = NO;
				ENABLE_STRICT_OBJC_MSGSEND = YES;
				GCC_C_LANGUAGE_STANDARD = gnu11;
				GCC_NO_COMMON_BLOCKS = YES;
				GCC_WARN_64_TO_32_BIT_CONVERSION = YES;
				GCC_WARN_ABOUT_RETURN_TYPE = YES_ERROR;
				GCC_WARN_UNDECLARED_SELECTOR = YES;
				GCC_WARN_UNINITIALIZED_AUTOS = YES_AGGRESSIVE;
				GCC_WARN_UNUSED_FUNCTION = YES;
				GCC_WARN_UNUSED_VARIABLE = YES;
				IPHONEOS_DEPLOYMENT_TARGET = 12.4;
				MTL_ENABLE_DEBUG_INFO = NO;
				MTL_FAST_MATH = YES;
				SDKROOT = iphoneos;
				SWIFT_COMPILATION_MODE = wholemodule;
				SWIFT_OPTIMIZATION_LEVEL = "-O";
				VALIDATE_PRODUCT = YES;
			};
			name = Release;
		};
		289D06002403F8D200DB1C88 /* Debug */ = {
			isa = XCBuildConfiguration;
			baseConfigurationReference = DA20C747A80468B5780F7428 /* Pods-NIBM-Event-App.debug.xcconfig */;
			buildSettings = {
				ASSETCATALOG_COMPILER_APPICON_NAME = AppIcon;
				CODE_SIGN_STYLE = Automatic;
				INFOPLIST_FILE = "NIBM-Event-App/Info.plist";
				LD_RUNPATH_SEARCH_PATHS = (
					"$(inherited)",
					"@executable_path/Frameworks",
				);
				PRODUCT_BUNDLE_IDENTIFIER = "surainfdo.NIBM-Event-App";
				PRODUCT_NAME = "$(TARGET_NAME)";
				SWIFT_VERSION = 5.0;
				TARGETED_DEVICE_FAMILY = "1,2";
			};
			name = Debug;
		};
		289D06012403F8D200DB1C88 /* Release */ = {
			isa = XCBuildConfiguration;
			baseConfigurationReference = 7F272F04F62A91F809B7173D /* Pods-NIBM-Event-App.release.xcconfig */;
			buildSettings = {
				ASSETCATALOG_COMPILER_APPICON_NAME = AppIcon;
				CODE_SIGN_STYLE = Automatic;
				INFOPLIST_FILE = "NIBM-Event-App/Info.plist";
				LD_RUNPATH_SEARCH_PATHS = (
					"$(inherited)",
					"@executable_path/Frameworks",
				);
				PRODUCT_BUNDLE_IDENTIFIER = "surainfdo.NIBM-Event-App";
				PRODUCT_NAME = "$(TARGET_NAME)";
				SWIFT_VERSION = 5.0;
				TARGETED_DEVICE_FAMILY = "1,2";
			};
			name = Release;
		};
		289D06032403F8D200DB1C88 /* Debug */ = {
			isa = XCBuildConfiguration;
			baseConfigurationReference = 889CC4B5A2D832D5F5C62E82 /* Pods-NIBM-Event-AppTests.debug.xcconfig */;
			buildSettings = {
				ALWAYS_EMBED_SWIFT_STANDARD_LIBRARIES = YES;
				BUNDLE_LOADER = "$(TEST_HOST)";
				CODE_SIGN_STYLE = Automatic;
				INFOPLIST_FILE = "NIBM-Event-AppTests/Info.plist";
				LD_RUNPATH_SEARCH_PATHS = (
					"$(inherited)",
					"@executable_path/Frameworks",
					"@loader_path/Frameworks",
				);
				PRODUCT_BUNDLE_IDENTIFIER = "surainfdo.NIBM-Event-AppTests";
				PRODUCT_NAME = "$(TARGET_NAME)";
				SWIFT_VERSION = 5.0;
				TARGETED_DEVICE_FAMILY = "1,2";
				TEST_HOST = "$(BUILT_PRODUCTS_DIR)/NIBM-Event-App.app/NIBM-Event-App";
			};
			name = Debug;
		};
		289D06042403F8D200DB1C88 /* Release */ = {
			isa = XCBuildConfiguration;
			baseConfigurationReference = 5BB4AD78427A3B6B4DA5BB17 /* Pods-NIBM-Event-AppTests.release.xcconfig */;
			buildSettings = {
				ALWAYS_EMBED_SWIFT_STANDARD_LIBRARIES = YES;
				BUNDLE_LOADER = "$(TEST_HOST)";
				CODE_SIGN_STYLE = Automatic;
				INFOPLIST_FILE = "NIBM-Event-AppTests/Info.plist";
				LD_RUNPATH_SEARCH_PATHS = (
					"$(inherited)",
					"@executable_path/Frameworks",
					"@loader_path/Frameworks",
				);
				PRODUCT_BUNDLE_IDENTIFIER = "surainfdo.NIBM-Event-AppTests";
				PRODUCT_NAME = "$(TARGET_NAME)";
				SWIFT_VERSION = 5.0;
				TARGETED_DEVICE_FAMILY = "1,2";
				TEST_HOST = "$(BUILT_PRODUCTS_DIR)/NIBM-Event-App.app/NIBM-Event-App";
			};
			name = Release;
		};
		289D06062403F8D200DB1C88 /* Debug */ = {
			isa = XCBuildConfiguration;
			baseConfigurationReference = C0ACD57564F4AC6EE77C9CBC /* Pods-NIBM-Event-AppUITests.debug.xcconfig */;
			buildSettings = {
				ALWAYS_EMBED_SWIFT_STANDARD_LIBRARIES = YES;
				CODE_SIGN_STYLE = Automatic;
				INFOPLIST_FILE = "NIBM-Event-AppUITests/Info.plist";
				LD_RUNPATH_SEARCH_PATHS = (
					"$(inherited)",
					"@executable_path/Frameworks",
					"@loader_path/Frameworks",
				);
				PRODUCT_BUNDLE_IDENTIFIER = "surainfdo.NIBM-Event-AppUITests";
				PRODUCT_NAME = "$(TARGET_NAME)";
				SWIFT_VERSION = 5.0;
				TARGETED_DEVICE_FAMILY = "1,2";
				TEST_TARGET_NAME = "NIBM-Event-App";
			};
			name = Debug;
		};
		289D06072403F8D200DB1C88 /* Release */ = {
			isa = XCBuildConfiguration;
			baseConfigurationReference = C48999D6C87C624142ADD42E /* Pods-NIBM-Event-AppUITests.release.xcconfig */;
			buildSettings = {
				ALWAYS_EMBED_SWIFT_STANDARD_LIBRARIES = YES;
				CODE_SIGN_STYLE = Automatic;
				INFOPLIST_FILE = "NIBM-Event-AppUITests/Info.plist";
				LD_RUNPATH_SEARCH_PATHS = (
					"$(inherited)",
					"@executable_path/Frameworks",
					"@loader_path/Frameworks",
				);
				PRODUCT_BUNDLE_IDENTIFIER = "surainfdo.NIBM-Event-AppUITests";
				PRODUCT_NAME = "$(TARGET_NAME)";
				SWIFT_VERSION = 5.0;
				TARGETED_DEVICE_FAMILY = "1,2";
				TEST_TARGET_NAME = "NIBM-Event-App";
			};
			name = Release;
		};
/* End XCBuildConfiguration section */

/* Begin XCConfigurationList section */
		289D05CF2403F8D100DB1C88 /* Build configuration list for PBXProject "NIBM-Event-App" */ = {
			isa = XCConfigurationList;
			buildConfigurations = (
				289D05FD2403F8D200DB1C88 /* Debug */,
				289D05FE2403F8D200DB1C88 /* Release */,
			);
			defaultConfigurationIsVisible = 0;
			defaultConfigurationName = Release;
		};
		289D05FF2403F8D200DB1C88 /* Build configuration list for PBXNativeTarget "NIBM-Event-App" */ = {
			isa = XCConfigurationList;
			buildConfigurations = (
				289D06002403F8D200DB1C88 /* Debug */,
				289D06012403F8D200DB1C88 /* Release */,
			);
			defaultConfigurationIsVisible = 0;
			defaultConfigurationName = Release;
		};
		289D06022403F8D200DB1C88 /* Build configuration list for PBXNativeTarget "NIBM-Event-AppTests" */ = {
			isa = XCConfigurationList;
			buildConfigurations = (
				289D06032403F8D200DB1C88 /* Debug */,
				289D06042403F8D200DB1C88 /* Release */,
			);
			defaultConfigurationIsVisible = 0;
			defaultConfigurationName = Release;
		};
		289D06052403F8D200DB1C88 /* Build configuration list for PBXNativeTarget "NIBM-Event-AppUITests" */ = {
			isa = XCConfigurationList;
			buildConfigurations = (
				289D06062403F8D200DB1C88 /* Debug */,
				289D06072403F8D200DB1C88 /* Release */,
			);
			defaultConfigurationIsVisible = 0;
			defaultConfigurationName = Release;
		};
/* End XCConfigurationList section */

/* Begin XCVersionGroup section */
		289D05DE2403F8D200DB1C88 /* NIBM_Event_App.xcdatamodeld */ = {
			isa = XCVersionGroup;
			children = (
				289D05DF2403F8D200DB1C88 /* NIBM_Event_App.xcdatamodel */,
			);
			currentVersion = 289D05DF2403F8D200DB1C88 /* NIBM_Event_App.xcdatamodel */;
			path = NIBM_Event_App.xcdatamodeld;
			sourceTree = "<group>";
			versionGroupType = wrapper.xcdatamodel;
		};
/* End XCVersionGroup section */
	};
	rootObject = 289D05CC2403F8D100DB1C88 /* Project object */;
}
